
Microsoft Visual Studio Solution File, Format Version 12.00
# Visual Studio Version 17
VisualStudioVersion = 17.4.33103.184
MinimumVisualStudioVersion = 10.0.40219.1
Project("{FAE04EC0-301F-11D3-BF4B-00C04F79EFBC}") = "EncuestaUH", "EncuestaUH\EncuestaUH.csproj", "{C15AC554-FF42-4119-8B39-535A03141DDA}"
EndProject
Global
	GlobalSection(SolutionConfigurationPlatforms) = preSolution
		Debug|Any CPU = Debug|Any CPU
		Release|Any CPU = Release|Any CPU
	EndGlobalSection
	GlobalSection(ProjectConfigurationPlatforms) = postSolution
		{C15AC554-FF42-4119-8B39-535A03141DDA}.Debug|Any CPU.ActiveCfg = Debug|Any CPU
		{C15AC554-FF42-4119-8B39-535A03141DDA}.Debug|Any CPU.Build.0 = Debug|Any CPU
		{C15AC554-FF42-4119-8B39-535A03141DDA}.Release|Any CPU.ActiveCfg = Release|Any CPU
		{C15AC554-FF42-4119-8B39-535A03141DDA}.Release|Any CPU.Build.0 = Release|Any CPU
	EndGlobalSection
	GlobalSection(SolutionProperties) = preSolution
		HideSolutionNode = FALSE
	EndGlobalSection
	GlobalSection(ExtensibilityGlobals) = postSolution
		SolutionGuid = {ED0F8CDB-1F49-4497-AD83-6F5922FF0F40}
	EndGlobalSection
EndGlobal
